
Microsoft Visual Studio Solution File, Format Version 12.00
# Visual Studio Version 17
VisualStudioVersion = 17.9.34728.123
MinimumVisualStudioVersion = 10.0.40219.1
Project("{FAE04EC0-301F-11D3-BF4B-00C04F79EFBC}") = "ModbusClient", "ModbusClient\ModbusClient.csproj", "{316FE43B-86F7-4613-ACFE-83148FE16821}"
EndProject
Global
	GlobalSection(SolutionConfigurationPlatforms) = preSolution
		Debug|Any CPU = Debug|Any CPU
		Release|Any CPU = Release|Any CPU
	EndGlobalSection
	GlobalSection(ProjectConfigurationPlatforms) = postSolution
		{316FE43B-86F7-4613-ACFE-83148FE16821}.Debug|Any CPU.ActiveCfg = Debug|Any CPU
		{316FE43B-86F7-4613-ACFE-83148FE16821}.Debug|Any CPU.Build.0 = Debug|Any CPU
		{316FE43B-86F7-4613-ACFE-83148FE16821}.Release|Any CPU.ActiveCfg = Release|Any CPU
		{316FE43B-86F7-4613-ACFE-83148FE16821}.Release|Any CPU.Build.0 = Release|Any CPU
	EndGlobalSection
	GlobalSection(SolutionProperties) = preSolution
		HideSolutionNode = FALSE
	EndGlobalSection
	GlobalSection(ExtensibilityGlobals) = postSolution
		SolutionGuid = {BCCA6EE1-9A14-49A3-9241-0A8A1361CF72}
	EndGlobalSection
EndGlobal
